
Microsoft Visual Studio Solution File, Format Version 12.00
# Visual Studio Version 17
VisualStudioVersion = 17.5.33502.453
MinimumVisualStudioVersion = 10.0.40219.1
Project("{9A19103F-16F7-4668-BE54-9A1E7A4F7556}") = "MSIT147thGraduationTopic", "MSIT147thGraduationTopic\MSIT147thGraduationTopic.csproj", "{ACEF792C-A878-49ED-AC66-5850B66E7B18}"
EndProject
Project("{9A19103F-16F7-4668-BE54-9A1E7A4F7556}") = "TestConsole", "TestConsole\TestConsole.csproj", "{5206071D-8C7C-45AD-AF1C-46960C3B02BA}"
EndProject
Global
	GlobalSection(SolutionConfigurationPlatforms) = preSolution
		Debug|Any CPU = Debug|Any CPU
		Release|Any CPU = Release|Any CPU
	EndGlobalSection
	GlobalSection(ProjectConfigurationPlatforms) = postSolution
		{ACEF792C-A878-49ED-AC66-5850B66E7B18}.Debug|Any CPU.ActiveCfg = Debug|Any CPU
		{ACEF792C-A878-49ED-AC66-5850B66E7B18}.Debug|Any CPU.Build.0 = Debug|Any CPU
		{ACEF792C-A878-49ED-AC66-5850B66E7B18}.Release|Any CPU.ActiveCfg = Release|Any CPU
		{ACEF792C-A878-49ED-AC66-5850B66E7B18}.Release|Any CPU.Build.0 = Release|Any CPU
		{5206071D-8C7C-45AD-AF1C-46960C3B02BA}.Debug|Any CPU.ActiveCfg = Debug|Any CPU
		{5206071D-8C7C-45AD-AF1C-46960C3B02BA}.Debug|Any CPU.Build.0 = Debug|Any CPU
		{5206071D-8C7C-45AD-AF1C-46960C3B02BA}.Release|Any CPU.ActiveCfg = Release|Any CPU
		{5206071D-8C7C-45AD-AF1C-46960C3B02BA}.Release|Any CPU.Build.0 = Release|Any CPU
	EndGlobalSection
	GlobalSection(SolutionProperties) = preSolution
		HideSolutionNode = FALSE
	EndGlobalSection
	GlobalSection(ExtensibilityGlobals) = postSolution
		SolutionGuid = {D35BE8D2-E8DF-4E4F-A169-C7FFCF686DC6}
	EndGlobalSection
EndGlobal
